
Microsoft Visual Studio Solution File, Format Version 12.00
# Visual Studio Version 17
VisualStudioVersion = 17.5.33530.505
MinimumVisualStudioVersion = 10.0.40219.1
Project("{9A19103F-16F7-4668-BE54-9A1E7A4F7556}") = "Api", "Api\Api.csproj", "{9F9A546F-1CD3-46B9-88AF-7A287E5E2DCD}"
EndProject
Project("{FAE04EC0-301F-11D3-BF4B-00C04F79EFBC}") = "Infrastructure", "Infrastructure\Infrastructure.csproj", "{7BBA6BBE-0097-4B61-A059-399E9F7926B9}"
EndProject
Project("{FAE04EC0-301F-11D3-BF4B-00C04F79EFBC}") = "Core", "Core\Core.csproj", "{93DE6148-0EE7-4BEF-8A73-647B49D17050}"
EndProject
Global
	GlobalSection(SolutionConfigurationPlatforms) = preSolution
		Debug|Any CPU = Debug|Any CPU
		Release|Any CPU = Release|Any CPU
	EndGlobalSection
	GlobalSection(ProjectConfigurationPlatforms) = postSolution
		{9F9A546F-1CD3-46B9-88AF-7A287E5E2DCD}.Debug|Any CPU.ActiveCfg = Debug|Any CPU
		{9F9A546F-1CD3-46B9-88AF-7A287E5E2DCD}.Debug|Any CPU.Build.0 = Debug|Any CPU
		{9F9A546F-1CD3-46B9-88AF-7A287E5E2DCD}.Release|Any CPU.ActiveCfg = Release|Any CPU
		{9F9A546F-1CD3-46B9-88AF-7A287E5E2DCD}.Release|Any CPU.Build.0 = Release|Any CPU
		{7BBA6BBE-0097-4B61-A059-399E9F7926B9}.Debug|Any CPU.ActiveCfg = Debug|Any CPU
		{7BBA6BBE-0097-4B61-A059-399E9F7926B9}.Debug|Any CPU.Build.0 = Debug|Any CPU
		{7BBA6BBE-0097-4B61-A059-399E9F7926B9}.Release|Any CPU.ActiveCfg = Release|Any CPU
		{7BBA6BBE-0097-4B61-A059-399E9F7926B9}.Release|Any CPU.Build.0 = Release|Any CPU
		{93DE6148-0EE7-4BEF-8A73-647B49D17050}.Debug|Any CPU.ActiveCfg = Debug|Any CPU
		{93DE6148-0EE7-4BEF-8A73-647B49D17050}.Debug|Any CPU.Build.0 = Debug|Any CPU
		{93DE6148-0EE7-4BEF-8A73-647B49D17050}.Release|Any CPU.ActiveCfg = Release|Any CPU
		{93DE6148-0EE7-4BEF-8A73-647B49D17050}.Release|Any CPU.Build.0 = Release|Any CPU
	EndGlobalSection
	GlobalSection(SolutionProperties) = preSolution
		HideSolutionNode = FALSE
	EndGlobalSection
	GlobalSection(ExtensibilityGlobals) = postSolution
		SolutionGuid = {9614897B-6CA7-4A6E-9B93-C09D3B32813E}
	EndGlobalSection
EndGlobal
